lockfileVersion: '9.0'

settings:
  autoInstallPeers: true
  excludeLinksFromLockfile: false

importers:

  .:
    dependencies:
      three:
        specifier: 0.150.1
        version: 0.150.1

packages:

  three@0.150.1:
    resolution: {integrity: sha512-5C1MqKUWaHYo13BX0Q64qcdwImgnnjSOFgBscOzAo8MYCzEtqfQqorEKMcajnA3FHy1yVlIe9AmaMQ0OQracNA==}

snapshots:

  three@0.150.1: {}
